
Microsoft Visual Studio Solution File, Format Version 12.00
# Visual Studio 15
VisualStudioVersion = 15.0.27130.2003
MinimumVisualStudioVersion = 10.0.40219.1
Project("{FAE04EC0-301F-11D3-BF4B-00C04F79EFBC}") = "AracTakipSistemi", "AracTakipSistemi\AracTakipSistemi.csproj", "{136B1549-0636-4321-80EF-8B232D653D31}"
EndProject
Global
	GlobalSection(SolutionConfigurationPlatforms) = preSolution
		Debug|Any CPU = Debug|Any CPU
		Release|Any CPU = Release|Any CPU
	EndGlobalSection
	GlobalSection(ProjectConfigurationPlatforms) = postSolution
		{136B1549-0636-4321-80EF-8B232D653D31}.Debug|Any CPU.ActiveCfg = Debug|Any CPU
		{136B1549-0636-4321-80EF-8B232D653D31}.Debug|Any CPU.Build.0 = Debug|Any CPU
		{136B1549-0636-4321-80EF-8B232D653D31}.Release|Any CPU.ActiveCfg = Release|Any CPU
		{136B1549-0636-4321-80EF-8B232D653D31}.Release|Any CPU.Build.0 = Release|Any CPU
	EndGlobalSection
	GlobalSection(SolutionProperties) = preSolution
		HideSolutionNode = FALSE
	EndGlobalSection
	GlobalSection(ExtensibilityGlobals) = postSolution
		SolutionGuid = {60FAC00E-4476-4FF5-9E14-C0A3126730F9}
	EndGlobalSection
EndGlobal
